
Microsoft Visual Studio Solution File, Format Version 12.00
# Visual Studio Version 17
VisualStudioVersion = 17.14.36301.6
MinimumVisualStudioVersion = 10.0.40219.1
Project("{FAE04EC0-301F-11D3-BF4B-00C04F79EFBC}") = "PortfolioApp.Application", "src\PortfolioApp.Application\PortfolioApp.Application.csproj", "{52376540-EAF1-3CD5-2199-9F34A0B3A1AE}"
EndProject
Project("{FAE04EC0-301F-11D3-BF4B-00C04F79EFBC}") = "PortfolioApp.Domain", "src\PortfolioApp.Domain\PortfolioApp.Domain.csproj", "{613D101F-72EB-50D8-B8D1-AB94D8831349}"
EndProject
Project("{FAE04EC0-301F-11D3-BF4B-00C04F79EFBC}") = "PortfolioApp.Infrastructure", "src\PortfolioApp.Infrastructure\PortfolioApp.Infrastructure.csproj", "{EB90084C-B30D-CC5C-512C-468F437114BF}"
EndProject
Project("{FAE04EC0-301F-11D3-BF4B-00C04F79EFBC}") = "PortfolioApp.Web", "src\PortfolioApp.Web\PortfolioApp.Web.csproj", "{9B2A9AB5-E370-F85D-3210-11479597888C}"
EndProject
Global
	GlobalSection(SolutionConfigurationPlatforms) = preSolution
		Debug|Any CPU = Debug|Any CPU
		Release|Any CPU = Release|Any CPU
	EndGlobalSection
	GlobalSection(ProjectConfigurationPlatforms) = postSolution
		{52376540-EAF1-3CD5-2199-9F34A0B3A1AE}.Debug|Any CPU.ActiveCfg = Debug|Any CPU
		{52376540-EAF1-3CD5-2199-9F34A0B3A1AE}.Debug|Any CPU.Build.0 = Debug|Any CPU
		{52376540-EAF1-3CD5-2199-9F34A0B3A1AE}.Release|Any CPU.ActiveCfg = Release|Any CPU
		{52376540-EAF1-3CD5-2199-9F34A0B3A1AE}.Release|Any CPU.Build.0 = Release|Any CPU
		{613D101F-72EB-50D8-B8D1-AB94D8831349}.Debug|Any CPU.ActiveCfg = Debug|Any CPU
		{613D101F-72EB-50D8-B8D1-AB94D8831349}.Debug|Any CPU.Build.0 = Debug|Any CPU
		{613D101F-72EB-50D8-B8D1-AB94D8831349}.Release|Any CPU.ActiveCfg = Release|Any CPU
		{613D101F-72EB-50D8-B8D1-AB94D8831349}.Release|Any CPU.Build.0 = Release|Any CPU
		{EB90084C-B30D-CC5C-512C-468F437114BF}.Debug|Any CPU.ActiveCfg = Debug|Any CPU
		{EB90084C-B30D-CC5C-512C-468F437114BF}.Debug|Any CPU.Build.0 = Debug|Any CPU
		{EB90084C-B30D-CC5C-512C-468F437114BF}.Release|Any CPU.ActiveCfg = Release|Any CPU
		{EB90084C-B30D-CC5C-512C-468F437114BF}.Release|Any CPU.Build.0 = Release|Any CPU
		{9B2A9AB5-E370-F85D-3210-11479597888C}.Debug|Any CPU.ActiveCfg = Debug|Any CPU
		{9B2A9AB5-E370-F85D-3210-11479597888C}.Debug|Any CPU.Build.0 = Debug|Any CPU
		{9B2A9AB5-E370-F85D-3210-11479597888C}.Release|Any CPU.ActiveCfg = Release|Any CPU
		{9B2A9AB5-E370-F85D-3210-11479597888C}.Release|Any CPU.Build.0 = Release|Any CPU
	EndGlobalSection
	GlobalSection(SolutionProperties) = preSolution
		HideSolutionNode = FALSE
	EndGlobalSection
	GlobalSection(ExtensibilityGlobals) = postSolution
		SolutionGuid = {8AA9A129-CBB2-4C64-849B-243CC1ED970C}
	EndGlobalSection
EndGlobal
